
Microsoft Visual Studio Solution File, Format Version 12.00
# Visual Studio Version 17
VisualStudioVersion = 17.8.34322.80
MinimumVisualStudioVersion = 10.0.40219.1
Project("{9A19103F-16F7-4668-BE54-9A1E7A4F7556}") = "PP0", "PP0.csproj", "{78D64AFF-6FC6-4452-929B-E28875FBA91C}"
EndProject
Project("{9A19103F-16F7-4668-BE54-9A1E7A4F7556}") = "PP0.WEB", "..\PP0.WEB\PP0.WEB.csproj", "{B2C841C9-4E8F-4FD4-AF55-2AAC1A9B7AE2}"
EndProject
Project("{9A19103F-16F7-4668-BE54-9A1E7A4F7556}") = "PP0.EntityFrameworkCore.Database", "..\PP0.EntityFrameworkCore.Database\PP0.EntityFrameworkCore.Database.csproj", "{872AEF2C-AA24-41C4-8BFF-66E061603B5D}"
EndProject
Global
	GlobalSection(SolutionConfigurationPlatforms) = preSolution
		Debug|Any CPU = Debug|Any CPU
		Release|Any CPU = Release|Any CPU
	EndGlobalSection
	GlobalSection(ProjectConfigurationPlatforms) = postSolution
		{78D64AFF-6FC6-4452-929B-E28875FBA91C}.Debug|Any CPU.ActiveCfg = Debug|Any CPU
		{78D64AFF-6FC6-4452-929B-E28875FBA91C}.Debug|Any CPU.Build.0 = Debug|Any CPU
		{78D64AFF-6FC6-4452-929B-E28875FBA91C}.Release|Any CPU.ActiveCfg = Release|Any CPU
		{78D64AFF-6FC6-4452-929B-E28875FBA91C}.Release|Any CPU.Build.0 = Release|Any CPU
		{B2C841C9-4E8F-4FD4-AF55-2AAC1A9B7AE2}.Debug|Any CPU.ActiveCfg = Debug|Any CPU
		{B2C841C9-4E8F-4FD4-AF55-2AAC1A9B7AE2}.Debug|Any CPU.Build.0 = Debug|Any CPU
		{B2C841C9-4E8F-4FD4-AF55-2AAC1A9B7AE2}.Release|Any CPU.ActiveCfg = Release|Any CPU
		{B2C841C9-4E8F-4FD4-AF55-2AAC1A9B7AE2}.Release|Any CPU.Build.0 = Release|Any CPU
		{872AEF2C-AA24-41C4-8BFF-66E061603B5D}.Debug|Any CPU.ActiveCfg = Debug|Any CPU
		{872AEF2C-AA24-41C4-8BFF-66E061603B5D}.Debug|Any CPU.Build.0 = Debug|Any CPU
		{872AEF2C-AA24-41C4-8BFF-66E061603B5D}.Release|Any CPU.ActiveCfg = Release|Any CPU
		{872AEF2C-AA24-41C4-8BFF-66E061603B5D}.Release|Any CPU.Build.0 = Release|Any CPU
	EndGlobalSection
	GlobalSection(SolutionProperties) = preSolution
		HideSolutionNode = FALSE
	EndGlobalSection
	GlobalSection(ExtensibilityGlobals) = postSolution
		SolutionGuid = {F245CA33-06CD-44BA-B023-FDA5B3C8A7BE}
	EndGlobalSection
EndGlobal
